
Microsoft Visual Studio Solution File, Format Version 12.00
# Visual Studio Version 16
VisualStudioVersion = 16.0.31005.135
MinimumVisualStudioVersion = 10.0.40219.1
Project("{9A19103F-16F7-4668-BE54-9A1E7A4F7556}") = "SWP_Prototype", "SWP_Prototype\SWP_Prototype.csproj", "{9A34BD97-EF94-4203-A202-2AB07C09BC32}"
EndProject
Project("{9A19103F-16F7-4668-BE54-9A1E7A4F7556}") = "SWP_Adapter", "SWP_Bridge\SWP_Adapter.csproj", "{80C427A9-6B48-48B5-8788-ED72193D121D}"
EndProject
Global
	GlobalSection(SolutionConfigurationPlatforms) = preSolution
		Debug|Any CPU = Debug|Any CPU
		Release|Any CPU = Release|Any CPU
	EndGlobalSection
	GlobalSection(ProjectConfigurationPlatforms) = postSolution
		{9A34BD97-EF94-4203-A202-2AB07C09BC32}.Debug|Any CPU.ActiveCfg = Debug|Any CPU
		{9A34BD97-EF94-4203-A202-2AB07C09BC32}.Debug|Any CPU.Build.0 = Debug|Any CPU
		{9A34BD97-EF94-4203-A202-2AB07C09BC32}.Release|Any CPU.ActiveCfg = Release|Any CPU
		{9A34BD97-EF94-4203-A202-2AB07C09BC32}.Release|Any CPU.Build.0 = Release|Any CPU
		{80C427A9-6B48-48B5-8788-ED72193D121D}.Debug|Any CPU.ActiveCfg = Debug|Any CPU
		{80C427A9-6B48-48B5-8788-ED72193D121D}.Debug|Any CPU.Build.0 = Debug|Any CPU
		{80C427A9-6B48-48B5-8788-ED72193D121D}.Release|Any CPU.ActiveCfg = Release|Any CPU
		{80C427A9-6B48-48B5-8788-ED72193D121D}.Release|Any CPU.Build.0 = Release|Any CPU
	EndGlobalSection
	GlobalSection(SolutionProperties) = preSolution
		HideSolutionNode = FALSE
	EndGlobalSection
	GlobalSection(ExtensibilityGlobals) = postSolution
		SolutionGuid = {65CD5B0A-D16E-4F1B-A51C-C8912727E9FC}
	EndGlobalSection
EndGlobal
